
Microsoft Visual Studio Solution File, Format Version 12.00
# Visual Studio Version 16
VisualStudioVersion = 16.0.31105.61
MinimumVisualStudioVersion = 10.0.40219.1
Project("{FAE04EC0-301F-11D3-BF4B-00C04F79EFBC}") = "RM_API_Kafka", "RM_API_Kafka\RM_API_Kafka.csproj", "{81CDC2DF-85CE-4334-A823-9DBB9817034B}"
EndProject
Global
	GlobalSection(SolutionConfigurationPlatforms) = preSolution
		Debug|Any CPU = Debug|Any CPU
		Release|Any CPU = Release|Any CPU
	EndGlobalSection
	GlobalSection(ProjectConfigurationPlatforms) = postSolution
		{81CDC2DF-85CE-4334-A823-9DBB9817034B}.Debug|Any CPU.ActiveCfg = Debug|Any CPU
		{81CDC2DF-85CE-4334-A823-9DBB9817034B}.Debug|Any CPU.Build.0 = Debug|Any CPU
		{81CDC2DF-85CE-4334-A823-9DBB9817034B}.Release|Any CPU.ActiveCfg = Release|Any CPU
		{81CDC2DF-85CE-4334-A823-9DBB9817034B}.Release|Any CPU.Build.0 = Release|Any CPU
	EndGlobalSection
	GlobalSection(SolutionProperties) = preSolution
		HideSolutionNode = FALSE
	EndGlobalSection
	GlobalSection(ExtensibilityGlobals) = postSolution
		SolutionGuid = {DFD2B4FB-E282-4303-ACC2-2C97A25BC396}
	EndGlobalSection
EndGlobal
